{
  "name": "compare-findings",
  "version": "1.0.0",
  "lockfileVersion": 2,
  "requires": true,
  "packages": {
    "": {
      "name": "compare-findings",
      "version": "1.0.0",
      "license": "ISC",
      "dependencies": {
        "html-creator": "^0.8.0"
      }
    },
    "node_modules/@types/node": {
      "version": "18.18.9",
      "resolved": "https://registry.npmjs.org/@types/node/-/node-18.18.9.tgz",
      "integrity": "sha512-0f5klcuImLnG4Qreu9hPj/rEfFq6YRc5n2mAjSsH+ec/mJL+3voBH0+8T7o8RpFjH7ovc+TRsL/c7OYIQsPTfQ==",
      "dependencies": {
        "undici-types": "~5.26.4"
      }
    },
    "node_modules/html-creator": {
      "version": "0.8.0",
      "resolved": "https://registry.npmjs.org/html-creator/-/html-creator-0.8.0.tgz",
      "integrity": "sha512-Me75vv0dwRGybscPCv090cjn6kcbUxCjsGaZVEAR9kNjQUBzRLddiXI+XMmVc0AIBOdFL6sncKYZtP3RLCbvJA==",
      "dependencies": {
        "@types/node": "^18.16.3",
        "mkdirp": "^3.0.1",
        "prettier": "^2.4.1"
      }
    },
    "node_modules/mkdirp": {
      "version": "3.0.1",
      "resolved": "https://registry.npmjs.org/mkdirp/-/mkdirp-3.0.1.tgz",
      "integrity": "sha512-+NsyUUAZDmo6YVHzL/stxSu3t9YS1iljliy3BSDrXJ/dkn1KYdmtZODGGjLcc9XLgVVpH4KshHB8XmZgMhaBXg==",
      "bin": {
        "mkdirp": "dist/cjs/src/bin.js"
      },
      "engines": {
        "node": ">=10"
      },
      "funding": {
        "url": "https://github.com/sponsors/isaacs"
      }
    },
    "node_modules/prettier": {
      "version": "2.8.8",
      "resolved": "https://registry.npmjs.org/prettier/-/prettier-2.8.8.tgz",
      "integrity": "sha512-tdN8qQGvNjw4CHbY+XXk0JgCXn9QiF21a55rBe5LJAU+kDyC4WQn4+awm2Xfk2lQMk5fKup9XgzTZtGkjBdP9Q==",
      "bin": {
        "prettier": "bin-prettier.js"
      },
      "engines": {
        "node": ">=10.13.0"
      },
      "funding": {
        "url": "https://github.com/prettier/prettier?sponsor=1"
      }
    },
    "node_modules/undici-types": {
      "version": "5.26.5",
      "resolved": "https://registry.npmjs.org/undici-types/-/undici-types-5.26.5.tgz",
      "integrity": "sha512-JlCMO+ehdEIKqlFxk6IfVoAUVmgz7cU7zD/h9XZ0qzeosSHmUJVOzSQvvYSYWXkFXC+IfLKSIffhv0sVZup6pA=="
    }
  },
  "dependencies": {
    "@types/node": {
      "version": "18.18.9",
      "resolved": "https://registry.npmjs.org/@types/node/-/node-18.18.9.tgz",
      "integrity": "sha512-0f5klcuImLnG4Qreu9hPj/rEfFq6YRc5n2mAjSsH+ec/mJL+3voBH0+8T7o8RpFjH7ovc+TRsL/c7OYIQsPTfQ==",
      "requires": {
        "undici-types": "~5.26.4"
      }
    },
    "html-creator": {
      "version": "0.8.0",
      "resolved": "https://registry.npmjs.org/html-creator/-/html-creator-0.8.0.tgz",
      "integrity": "sha512-Me75vv0dwRGybscPCv090cjn6kcbUxCjsGaZVEAR9kNjQUBzRLddiXI+XMmVc0AIBOdFL6sncKYZtP3RLCbvJA==",
      "requires": {
        "@types/node": "^18.16.3",
        "mkdirp": "^3.0.1",
        "prettier": "^2.4.1"
      }
    },
    "mkdirp": {
      "version": "3.0.1",
      "resolved": "https://registry.npmjs.org/mkdirp/-/mkdirp-3.0.1.tgz",
      "integrity": "sha512-+NsyUUAZDmo6YVHzL/stxSu3t9YS1iljliy3BSDrXJ/dkn1KYdmtZODGGjLcc9XLgVVpH4KshHB8XmZgMhaBXg=="
    },
    "prettier": {
      "version": "2.8.8",
      "resolved": "https://registry.npmjs.org/prettier/-/prettier-2.8.8.tgz",
      "integrity": "sha512-tdN8qQGvNjw4CHbY+XXk0JgCXn9QiF21a55rBe5LJAU+kDyC4WQn4+awm2Xfk2lQMk5fKup9XgzTZtGkjBdP9Q=="
    },
    "undici-types": {
      "version": "5.26.5",
      "resolved": "https://registry.npmjs.org/undici-types/-/undici-types-5.26.5.tgz",
      "integrity": "sha512-JlCMO+ehdEIKqlFxk6IfVoAUVmgz7cU7zD/h9XZ0qzeosSHmUJVOzSQvvYSYWXkFXC+IfLKSIffhv0sVZup6pA=="
    }
  }
}
